<Solution>
  <Folder Name="/Solution Items/">
    <File Path=".editorconfig"/>
    <File Path=".gitignore"/>
    <File Path="CLAUDE.md"/>
    <File Path="Directory.Build.props"/>
    <File Path="Directory.Build.targets"/>
    <File Path="Directory.Packages.props"/>
    <File Path="global.json"/>
    <File Path="README.md"/>
  </Folder>
  <Folder Name="/eng/">
    <File Path="eng/Shipping.props"/>
    <File Path="eng/Templates.props"/>
    <File Path="eng/Tests.props"/>
    <File Path="eng/Update-LockFiles.ps1"/>
    <File Path="eng/ci/Test-PackageSet.ps1"/>
    <File Path="eng/ci/Test-TestModuleInventory.ps1"/>
  </Folder>
  <Folder Name="/libs/">
    <Project Path="libs/CheatEngine.Client.Abstractions/CheatEngine.Client.Abstractions.csproj"/>
    <Project Path="libs/CheatEngine.Client.Core/CheatEngine.Client.Core.csproj"/>
    <Project
      Path="libs/CheatEngine.Client.Extensions.DependencyInjection/CheatEngine.Client.Extensions.DependencyInjection.csproj"/>
    <Project Path="libs/CheatEngine.Client.Fluent/CheatEngine.Client.Fluent.csproj"/>
    <Project Path="libs/CheatEngine.Client.Hosting/CheatEngine.Client.Hosting.csproj"/>
  </Folder>
  <Folder Name="/src/">
    <Project Path="src/CheatEngine.Client/CheatEngine.Client.csproj"/>
  </Folder>
  <Folder Name="/source-generators/">
    <Project
      Path="source-generators/CheatEngine.Client.SourceGenerators.Lua/CheatEngine.Client.SourceGenerators.Lua.csproj"/>
  </Folder>
  <Folder Name="/tests/">
    <Project Path="tests/CheatEngine.Client.Abstractions.Tests/CheatEngine.Client.Abstractions.Tests.csproj"/>
    <Project Path="tests/CheatEngine.Client.AotProbe/CheatEngine.Client.AotProbe.csproj"/>
    <Project Path="tests/CheatEngine.Client.Benchmarks/CheatEngine.Client.Benchmarks.csproj"/>
    <Project Path="tests/CheatEngine.Client.Core.Tests/CheatEngine.Client.Core.Tests.csproj"/>
    <Project
      Path="tests/CheatEngine.Client.Extensions.DependencyInjection.Tests/CheatEngine.Client.Extensions.DependencyInjection.Tests.csproj"/>
    <Project Path="tests/CheatEngine.Client.Fluent.Tests/CheatEngine.Client.Fluent.Tests.csproj"/>
    <Project Path="tests/CheatEngine.Client.Hosting.Tests/CheatEngine.Client.Hosting.Tests.csproj"/>
    <Project
      Path="tests/CheatEngine.Client.LivePlugin.Coexistence/PluginA/CheatEngine.Client.LivePlugin.Coexistence.PluginA.csproj">
      <Platform Project="x64"/>
    </Project>
    <Project
      Path="tests/CheatEngine.Client.LivePlugin.Coexistence/PluginB/CheatEngine.Client.LivePlugin.Coexistence.PluginB.csproj">
      <Platform Project="x64"/>
    </Project>
    <Project
      Path="tests/CheatEngine.Client.LivePlugin.Coexistence/PluginCollision/CheatEngine.Client.LivePlugin.Coexistence.PluginCollision.csproj">
      <Platform Project="x64"/>
    </Project>
    <Project
      Path="tests/CheatEngine.Client.SourceGenerators.Lua.Tests/CheatEngine.Client.SourceGenerators.Lua.Tests.csproj"/>
    <Project Path="tests/CheatEngine.Client.Repository.Tests/CheatEngine.Client.Repository.Tests.csproj"/>
    <Project Path="tests/CheatEngine.Client.Tests/CheatEngine.Client.Tests.csproj"/>
  </Folder>
  <Folder Name="/templates/">
    <Project Path="templates/CheatEngine.Client.Templates/CheatEngine.Client.Templates.csproj"/>
  </Folder>
</Solution>
